// !$*UTF8*$!
{
	archiveVersion = 1;
	classes = {
	};
	objectVersion = 77;
	objects = {

/* Begin PBXContainerItemProxy section */
		DAABF41F2E8A7DF8008C805C /* PBXContainerItemProxy */ = {
			isa = PBXContainerItemProxy;
			containerPortal = DAABF4072E8A7DF6008C805C /* Project object */;
			proxyType = 1;
			remoteGlobalIDString = DAABF40E2E8A7DF6008C805C;
			remoteInfo = mypapers;
		};
		DAABF4292E8A7DF8008C805C /* PBXContainerItemProxy */ = {
			isa = PBXContainerItemProxy;
			containerPortal = DAABF4072E8A7DF6008C805C /* Project object */;
			proxyType = 1;
			remoteGlobalIDString = DAABF40E2E8A7DF6008C805C;
			remoteInfo = mypapers;
		};
/* End PBXContainerItemProxy section */

/* Begin PBXFileReference section */
		DAABF40F2E8A7DF6008C805C /* mypapers.app */ = {isa = PBXFileReference; explicitFileType = wrapper.application; includeInIndex = 0; path = mypapers.app; sourceTree = BUILT_PRODUCTS_DIR; };
		DAABF41E2E8A7DF8008C805C /* mypapersTests.xctest */ = {isa = PBXFileReference; explicitFileType = wrapper.cfbundle; includeInIndex = 0; path = mypapersTests.xctest; sourceTree = BUILT_PRODUCTS_DIR; };
		DAABF4282E8A7DF8008C805C /* mypapersUITests.xctest */ = {isa = PBXFileReference; explicitFileType = wrapper.cfbundle; includeInIndex = 0; path = mypapersUITests.xctest; sourceTree = BUILT_PRODUCTS_DIR; };
/* End PBXFileReference section */

/* Begin PBXFileSystemSynchronizedRootGroup section */
		DAABF4112E8A7DF6008C805C /* mypapers */ = {
			isa = PBXFileSystemSynchronizedRootGroup;
			path = mypapers;
			sourceTree = "<group>";
		};
		DAABF4212E8A7DF8008C805C /* mypapersTests */ = {
			isa = PBXFileSystemSynchronizedRootGroup;
			path = mypapersTests;
			sourceTree = "<group>";
		};
		DAABF42B2E8A7DF8008C805C /* mypapersUITests */ = {
			isa = PBXFileSystemSynchronizedRootGroup;
			path = mypapersUITests;
			sourceTree = "<group>";
		};
		DAABF4412E8A97C2008C805C /* Localizations */ = {
			isa = PBXFileSystemSynchronizedRootGroup;
			path = Localizations;
			sourceTree = "<group>";
		};
		DAABF4422E8A97CF008C805C /* Models */ = {
			isa = PBXFileSystemSynchronizedRootGroup;
			path = Models;
			sourceTree = "<group>";
		};
/* End PBXFileSystemSynchronizedRootGroup section */

/* Begin PBXFrameworksBuildPhase section */
		DAABF40C2E8A7DF6008C805C /* Frameworks */ = {
			isa = PBXFrameworksBuildPhase;
			buildActionMask = 2147483647;
			files = (
			);
			runOnlyForDeploymentPostprocessing = 0;
		};
		DAABF41B2E8A7DF8008C805C /* Frameworks */ = {
			isa = PBXFrameworksBuildPhase;
			buildActionMask = 2147483647;
			files = (
			);
			runOnlyForDeploymentPostprocessing = 0;
		};
		DAABF4252E8A7DF8008C805C /* Frameworks */ = {
			isa = PBXFrameworksBuildPhase;
			buildActionMask = 2147483647;
			files = (
			);
			runOnlyForDeploymentPostprocessing = 0;
		};
/* End PBXFrameworksBuildPhase section */

/* Begin PBXGroup section */
		DAABF4062E8A7DF6008C805C = {
			isa = PBXGroup;
			children = (
				DAABF4422E8A97CF008C805C /* Models */,
				DAABF4412E8A97C2008C805C /* Localizations */,
				DAABF4112E8A7DF6008C805C /* mypapers */,
				DAABF4212E8A7DF8008C805C /* mypapersTests */,
				DAABF42B2E8A7DF8008C805C /* mypapersUITests */,
				DAABF4102E8A7DF6008C805C /* Products */,
			);
			sourceTree = "<group>";
		};
		DAABF4102E8A7DF6008C805C /* Products */ = {
			isa = PBXGroup;
			children = (
				DAABF40F2E8A7DF6008C805C /* mypapers.app */,
				DAABF41E2E8A7DF8008C805C /* mypapersTests.xctest */,
				DAABF4282E8A7DF8008C805C /* mypapersUITests.xctest */,
			);
			name = Products;
			sourceTree = "<group>";
		};
/* End PBXGroup section */

/* Begin PBXNativeTarget section */
		DAABF40E2E8A7DF6008C805C /* mypapers */ = {
			isa = PBXNativeTarget;
			buildConfigurationList = DAABF4322E8A7DF8008C805C /* Build configuration list for PBXNativeTarget "mypapers" */;
			buildPhases = (
				DAABF40B2E8A7DF6008C805C /* Sources */,
				DAABF40C2E8A7DF6008C805C /* Frameworks */,
				DAABF40D2E8A7DF6008C805C /* Resources */,
			);
			buildRules = (
			);
			dependencies = (
			);
			fileSystemSynchronizedGroups = (
				DAABF4112E8A7DF6008C805C /* mypapers */,
				DAABF4412E8A97C2008C805C /* Localizations */,
				DAABF4422E8A97CF008C805C /* Models */,
			);
			name = mypapers;
			packageProductDependencies = (
			);
			productName = mypapers;
			productReference = DAABF40F2E8A7DF6008C805C /* mypapers.app */;
			productType = "com.apple.product-type.application";
		};
		DAABF41D2E8A7DF8008C805C /* mypapersTests */ = {
			isa = PBXNativeTarget;
			buildConfigurationList = DAABF4352E8A7DF8008C805C /* Build configuration list for PBXNativeTarget "mypapersTests" */;
			buildPhases = (
				DAABF41A2E8A7DF8008C805C /* Sources */,
				DAABF41B2E8A7DF8008C805C /* Frameworks */,
				DAABF41C2E8A7DF8008C805C /* Resources */,
			);
			buildRules = (
			);
			dependencies = (
				DAABF4202E8A7DF8008C805C /* PBXTargetDependency */,
			);
			fileSystemSynchronizedGroups = (
				DAABF4212E8A7DF8008C805C /* mypapersTests */,
			);
			name = mypapersTests;
			packageProductDependencies = (
			);
			productName = mypapersTests;
			productReference = DAABF41E2E8A7DF8008C805C /* mypapersTests.xctest */;
			productType = "com.apple.product-type.bundle.unit-test";
		};
		DAABF4272E8A7DF8008C805C /* mypapersUITests */ = {
			isa = PBXNativeTarget;
			buildConfigurationList = DAABF4382E8A7DF8008C805C /* Build configuration list for PBXNativeTarget "mypapersUITests" */;
			buildPhases = (
				DAABF4242E8A7DF8008C805C /* Sources */,
				DAABF4252E8A7DF8008C805C /* Frameworks */,
				DAABF4262E8A7DF8008C805C /* Resources */,
			);
			buildRules = (
			);
			dependencies = (
				DAABF42A2E8A7DF8008C805C /* PBXTargetDependency */,
			);
			fileSystemSynchronizedGroups = (
				DAABF42B2E8A7DF8008C805C /* mypapersUITests */,
			);
			name = mypapersUITests;
			packageProductDependencies = (
			);
			productName = mypapersUITests;
			productReference = DAABF4282E8A7DF8008C805C /* mypapersUITests.xctest */;
			productType = "com.apple.product-type.bundle.ui-testing";
		};
/* End PBXNativeTarget section */

/* Begin PBXProject section */
		DAABF4072E8A7DF6008C805C /* Project object */ = {
			isa = PBXProject;
			attributes = {
				BuildIndependentTargetsInParallel = 1;
				LastSwiftUpdateCheck = 2600;
				LastUpgradeCheck = 2600;
				TargetAttributes = {
					DAABF40E2E8A7DF6008C805C = {
						CreatedOnToolsVersion = 26.0.1;
					};
					DAABF41D2E8A7DF8008C805C = {
						CreatedOnToolsVersion = 26.0.1;
						TestTargetID = DAABF40E2E8A7DF6008C805C;
					};
					DAABF4272E8A7DF8008C805C = {
						CreatedOnToolsVersion = 26.0.1;
						TestTargetID = DAABF40E2E8A7DF6008C805C;
					};
				};
			};
			buildConfigurationList = DAABF40A2E8A7DF6008C805C /* Build configuration list for PBXProject "mypapers" */;
			developmentRegion = en;
			hasScannedForEncodings = 0;
			knownRegions = (
				en,
				Base,
				ru,
			);
			mainGroup = DAABF4062E8A7DF6008C805C;
			minimizedProjectReferenceProxies = 1;
			preferredProjectObjectVersion = 77;
			productRefGroup = DAABF4102E8A7DF6008C805C /* Products */;
			projectDirPath = "";
			projectRoot = "";
			targets = (
				DAABF40E2E8A7DF6008C805C /* mypapers */,
				DAABF41D2E8A7DF8008C805C /* mypapersTests */,
				DAABF4272E8A7DF8008C805C /* mypapersUITests */,
			);
		};
/* End PBXProject section */

/* Begin PBXResourcesBuildPhase section */
		DAABF40D2E8A7DF6008C805C /* Resources */ = {
			isa = PBXResourcesBuildPhase;
			buildActionMask = 2147483647;
			files = (
			);
			runOnlyForDeploymentPostprocessing = 0;
		};
		DAABF41C2E8A7DF8008C805C /* Resources */ = {
			isa = PBXResourcesBuildPhase;
			buildActionMask = 2147483647;
			files = (
			);
			runOnlyForDeploymentPostprocessing = 0;
		};
		DAABF4262E8A7DF8008C805C /* Resources */ = {
			isa = PBXResourcesBuildPhase;
			buildActionMask = 2147483647;
			files = (
			);
			runOnlyForDeploymentPostprocessing = 0;
		};
/* End PBXResourcesBuildPhase section */

/* Begin PBXSourcesBuildPhase section */
		DAABF40B2E8A7DF6008C805C /* Sources */ = {
			isa = PBXSourcesBuildPhase;
			buildActionMask = 2147483647;
			files = (
			);
			runOnlyForDeploymentPostprocessing = 0;
		};
		DAABF41A2E8A7DF8008C805C /* Sources */ = {
			isa = PBXSourcesBuildPhase;
			buildActionMask = 2147483647;
			files = (
			);
			runOnlyForDeploymentPostprocessing = 0;
		};
		DAABF4242E8A7DF8008C805C /* Sources */ = {
			isa = PBXSourcesBuildPhase;
			buildActionMask = 2147483647;
			files = (
			);
			runOnlyForDeploymentPostprocessing = 0;
		};
/* End PBXSourcesBuildPhase section */

/* Begin PBXTargetDependency section */
		DAABF4202E8A7DF8008C805C /* PBXTargetDependency */ = {
			isa = PBXTargetDependency;
			target = DAABF40E2E8A7DF6008C805C /* mypapers */;
			targetProxy = DAABF41F2E8A7DF8008C805C /* PBXContainerItemProxy */;
		};
		DAABF42A2E8A7DF8008C805C /* PBXTargetDependency */ = {
			isa = PBXTargetDependency;
			target = DAABF40E2E8A7DF6008C805C /* mypapers */;
			targetProxy = DAABF4292E8A7DF8008C805C /* PBXContainerItemProxy */;
		};
/* End PBXTargetDependency section */

/* Begin XCBuildConfiguration section */
		DAABF4302E8A7DF8008C805C /* Debug */ = {
			isa = XCBuildConfiguration;
			buildSettings = {
				ALWAYS_SEARCH_USER_PATHS = NO;
				ASSETCATALOG_COMPILER_GENERATE_SWIFT_ASSET_SYMBOL_EXTENSIONS = YES;
				CLANG_ANALYZER_LOCALIZABILITY_NONLOCALIZED = YES;
				CLANG_ANALYZER_NONNULL = YES;
				CLANG_ANALYZER_NUMBER_OBJECT_CONVERSION = YES_AGGRESSIVE;
				CLANG_CXX_LANGUAGE_STANDARD = "gnu++20";
				CLANG_ENABLE_MODULES = YES;
				CLANG_ENABLE_OBJC_ARC = YES;
				CLANG_ENABLE_OBJC_WEAK = YES;
				CLANG_WARN_BLOCK_CAPTURE_AUTORELEASING = YES;
				CLANG_WARN_BOOL_CONVERSION = YES;
				CLANG_WARN_COMMA = YES;
				CLANG_WARN_CONSTANT_CONVERSION = YES;
				CLANG_WARN_DEPRECATED_OBJC_IMPLEMENTATIONS = YES;
				CLANG_WARN_DIRECT_OBJC_ISA_USAGE = YES_ERROR;
				CLANG_WARN_DOCUMENTATION_COMMENTS = YES;
				CLANG_WARN_EMPTY_BODY = YES;
				CLANG_WARN_ENUM_CONVERSION = YES;
				CLANG_WARN_INFINITE_RECURSION = YES;
				CLANG_WARN_INT_CONVERSION = YES;
				CLANG_WARN_NON_LITERAL_NULL_CONVERSION = YES;
				CLANG_WARN_OBJC_IMPLICIT_RETAIN_SELF = YES;
				CLANG_WARN_OBJC_LITERAL_CONVERSION = YES;
				CLANG_WARN_OBJC_ROOT_CLASS = YES_ERROR;
				CLANG_WARN_QUOTED_INCLUDE_IN_FRAMEWORK_HEADER = YES;
				CLANG_WARN_RANGE_LOOP_ANALYSIS = YES;
				CLANG_WARN_STRICT_PROTOTYPES = YES;
				CLANG_WARN_SUSPICIOUS_MOVE = YES;
				CLANG_WARN_UNGUARDED_AVAILABILITY = YES_AGGRESSIVE;
				CLANG_WARN_UNREACHABLE_CODE = YES;
				CLANG_WARN__DUPLICATE_METHOD_MATCH = YES;
				COPY_PHASE_STRIP = NO;
				DEBUG_INFORMATION_FORMAT = dwarf;
				DEVELOPMENT_TEAM = UWJ374YJ4M;
				ENABLE_STRICT_OBJC_MSGSEND = YES;
				ENABLE_TESTABILITY = YES;
				ENABLE_USER_SCRIPT_SANDBOXING = YES;
				GCC_C_LANGUAGE_STANDARD = gnu17;
				GCC_DYNAMIC_NO_PIC = NO;
				GCC_NO_COMMON_BLOCKS = YES;
				GCC_OPTIMIZATION_LEVEL = 0;
				GCC_PREPROCESSOR_DEFINITIONS = (
					"DEBUG=1",
					"$(inherited)",
				);
				GCC_WARN_64_TO_32_BIT_CONVERSION = YES;
				GCC_WARN_ABOUT_RETURN_TYPE = YES_ERROR;
				GCC_WARN_UNDECLARED_SELECTOR = YES;
				GCC_WARN_UNINITIALIZED_AUTOS = YES_AGGRESSIVE;
				GCC_WARN_UNUSED_FUNCTION = YES;
				GCC_WARN_UNUSED_VARIABLE = YES;
				LOCALIZATION_PREFERS_STRING_CATALOGS = YES;
				MACOSX_DEPLOYMENT_TARGET = 15.6;
				MTL_ENABLE_DEBUG_INFO = INCLUDE_SOURCE;
				MTL_FAST_MATH = YES;
				ONLY_ACTIVE_ARCH = YES;
				SDKROOT = macosx;
				SWIFT_ACTIVE_COMPILATION_CONDITIONS = "DEBUG $(inherited)";
				SWIFT_OPTIMIZATION_LEVEL = "-Onone";
			};
			name = Debug;
		};
		DAABF4312E8A7DF8008C805C /* Release */ = {
			isa = XCBuildConfiguration;
			buildSettings = {
				ALWAYS_SEARCH_USER_PATHS = NO;
				ASSETCATALOG_COMPILER_GENERATE_SWIFT_ASSET_SYMBOL_EXTENSIONS = YES;
				CLANG_ANALYZER_LOCALIZABILITY_NONLOCALIZED = YES;
				CLANG_ANALYZER_NONNULL = YES;
				CLANG_ANALYZER_NUMBER_OBJECT_CONVERSION = YES_AGGRESSIVE;
				CLANG_CXX_LANGUAGE_STANDARD = "gnu++20";
				CLANG_ENABLE_MODULES = YES;
				CLANG_ENABLE_OBJC_ARC = YES;
				CLANG_ENABLE_OBJC_WEAK = YES;
				CLANG_WARN_BLOCK_CAPTURE_AUTORELEASING = YES;
				CLANG_WARN_BOOL_CONVERSION = YES;
				CLANG_WARN_COMMA = YES;
				CLANG_WARN_CONSTANT_CONVERSION = YES;
				CLANG_WARN_DEPRECATED_OBJC_IMPLEMENTATIONS = YES;
				CLANG_WARN_DIRECT_OBJC_ISA_USAGE = YES_ERROR;
				CLANG_WARN_DOCUMENTATION_COMMENTS = YES;
				CLANG_WARN_EMPTY_BODY = YES;
				CLANG_WARN_ENUM_CONVERSION = YES;
				CLANG_WARN_INFINITE_RECURSION = YES;
				CLANG_WARN_INT_CONVERSION = YES;
				CLANG_WARN_NON_LITERAL_NULL_CONVERSION = YES;
				CLANG_WARN_OBJC_IMPLICIT_RETAIN_SELF = YES;
				CLANG_WARN_OBJC_LITERAL_CONVERSION = YES;
				CLANG_WARN_OBJC_ROOT_CLASS = YES_ERROR;
				CLANG_WARN_QUOTED_INCLUDE_IN_FRAMEWORK_HEADER = YES;
				CLANG_WARN_RANGE_LOOP_ANALYSIS = YES;
				CLANG_WARN_STRICT_PROTOTYPES = YES;
				CLANG_WARN_SUSPICIOUS_MOVE = YES;
				CLANG_WARN_UNGUARDED_AVAILABILITY = YES_AGGRESSIVE;
				CLANG_WARN_UNREACHABLE_CODE = YES;
				CLANG_WARN__DUPLICATE_METHOD_MATCH = YES;
				COPY_PHASE_STRIP = NO;
				DEBUG_INFORMATION_FORMAT = "dwarf-with-dsym";
				DEVELOPMENT_TEAM = UWJ374YJ4M;
				ENABLE_NS_ASSERTIONS = NO;
				ENABLE_STRICT_OBJC_MSGSEND = YES;
				ENABLE_USER_SCRIPT_SANDBOXING = YES;
				GCC_C_LANGUAGE_STANDARD = gnu17;
				GCC_NO_COMMON_BLOCKS = YES;
				GCC_WARN_64_TO_32_BIT_CONVERSION = YES;
				GCC_WARN_ABOUT_RETURN_TYPE = YES_ERROR;
				GCC_WARN_UNDECLARED_SELECTOR = YES;
				GCC_WARN_UNINITIALIZED_AUTOS = YES_AGGRESSIVE;
				GCC_WARN_UNUSED_FUNCTION = YES;
				GCC_WARN_UNUSED_VARIABLE = YES;
				LOCALIZATION_PREFERS_STRING_CATALOGS = YES;
				MACOSX_DEPLOYMENT_TARGET = 15.6;
				MTL_ENABLE_DEBUG_INFO = NO;
				MTL_FAST_MATH = YES;
				SDKROOT = macosx;
				SWIFT_COMPILATION_MODE = wholemodule;
			};
			name = Release;
		};
		DAABF4332E8A7DF8008C805C /* Debug */ = {
			isa = XCBuildConfiguration;
			buildSettings = {
				ASSETCATALOG_COMPILER_APPICON_NAME = AppIcon;
				ASSETCATALOG_COMPILER_GLOBAL_ACCENT_COLOR_NAME = AccentColor;
				CODE_SIGN_STYLE = Automatic;
				COMBINE_HIDPI_IMAGES = YES;
				CURRENT_PROJECT_VERSION = 1;
				DEVELOPMENT_TEAM = UWJ374YJ4M;
				ENABLE_APP_SANDBOX = YES;
				ENABLE_HARDENED_RUNTIME = YES;
				ENABLE_PREVIEWS = YES;
				ENABLE_USER_SELECTED_FILES = readonly;
				GENERATE_INFOPLIST_FILE = YES;
				INFOPLIST_KEY_NSHumanReadableCopyright = "";
				LD_RUNPATH_SEARCH_PATHS = (
					"$(inherited)",
					"@executable_path/../Frameworks",
				);
				MARKETING_VERSION = 1.0;
				PRODUCT_BUNDLE_IDENTIFIER = com.leechylabs.mypapers;
				PRODUCT_NAME = "$(TARGET_NAME)";
				REGISTER_APP_GROUPS = YES;
				STRING_CATALOG_GENERATE_SYMBOLS = YES;
				SWIFT_APPROACHABLE_CONCURRENCY = YES;
				SWIFT_DEFAULT_ACTOR_ISOLATION = MainActor;
				SWIFT_EMIT_LOC_STRINGS = YES;
				SWIFT_UPCOMING_FEATURE_MEMBER_IMPORT_VISIBILITY = YES;
				SWIFT_VERSION = 5.0;
			};
			name = Debug;
		};
		DAABF4342E8A7DF8008C805C /* Release */ = {
			isa = XCBuildConfiguration;
			buildSettings = {
				ASSETCATALOG_COMPILER_APPICON_NAME = AppIcon;
				ASSETCATALOG_COMPILER_GLOBAL_ACCENT_COLOR_NAME = AccentColor;
				CODE_SIGN_STYLE = Automatic;
				COMBINE_HIDPI_IMAGES = YES;
				CURRENT_PROJECT_VERSION = 1;
				DEVELOPMENT_TEAM = UWJ374YJ4M;
				ENABLE_APP_SANDBOX = YES;
				ENABLE_HARDENED_RUNTIME = YES;
				ENABLE_PREVIEWS = YES;
				ENABLE_USER_SELECTED_FILES = readonly;
				GENERATE_INFOPLIST_FILE = YES;
				INFOPLIST_KEY_NSHumanReadableCopyright = "";
				LD_RUNPATH_SEARCH_PATHS = (
					"$(inherited)",
					"@executable_path/../Frameworks",
				);
				MARKETING_VERSION = 1.0;
				PRODUCT_BUNDLE_IDENTIFIER = com.leechylabs.mypapers;
				PRODUCT_NAME = "$(TARGET_NAME)";
				REGISTER_APP_GROUPS = YES;
				STRING_CATALOG_GENERATE_SYMBOLS = YES;
				SWIFT_APPROACHABLE_CONCURRENCY = YES;
				SWIFT_DEFAULT_ACTOR_ISOLATION = MainActor;
				SWIFT_EMIT_LOC_STRINGS = YES;
				SWIFT_UPCOMING_FEATURE_MEMBER_IMPORT_VISIBILITY = YES;
				SWIFT_VERSION = 5.0;
			};
			name = Release;
		};
		DAABF4362E8A7DF8008C805C /* Debug */ = {
			isa = XCBuildConfiguration;
			buildSettings = {
				BUNDLE_LOADER = "$(TEST_HOST)";
				CODE_SIGN_STYLE = Automatic;
				CURRENT_PROJECT_VERSION = 1;
				DEVELOPMENT_TEAM = UWJ374YJ4M;
				GENERATE_INFOPLIST_FILE = YES;
				MACOSX_DEPLOYMENT_TARGET = 15.6;
				MARKETING_VERSION = 1.0;
				PRODUCT_BUNDLE_IDENTIFIER = com.leechylabs.mypapersTests;
				PRODUCT_NAME = "$(TARGET_NAME)";
				STRING_CATALOG_GENERATE_SYMBOLS = NO;
				SWIFT_APPROACHABLE_CONCURRENCY = YES;
				SWIFT_EMIT_LOC_STRINGS = NO;
				SWIFT_UPCOMING_FEATURE_MEMBER_IMPORT_VISIBILITY = YES;
				SWIFT_VERSION = 5.0;
				TEST_HOST = "$(BUILT_PRODUCTS_DIR)/mypapers.app/$(BUNDLE_EXECUTABLE_FOLDER_PATH)/mypapers";
			};
			name = Debug;
		};
		DAABF4372E8A7DF8008C805C /* Release */ = {
			isa = XCBuildConfiguration;
			buildSettings = {
				BUNDLE_LOADER = "$(TEST_HOST)";
				CODE_SIGN_STYLE = Automatic;
				CURRENT_PROJECT_VERSION = 1;
				DEVELOPMENT_TEAM = UWJ374YJ4M;
				GENERATE_INFOPLIST_FILE = YES;
				MACOSX_DEPLOYMENT_TARGET = 15.6;
				MARKETING_VERSION = 1.0;
				PRODUCT_BUNDLE_IDENTIFIER = com.leechylabs.mypapersTests;
				PRODUCT_NAME = "$(TARGET_NAME)";
				STRING_CATALOG_GENERATE_SYMBOLS = NO;
				SWIFT_APPROACHABLE_CONCURRENCY = YES;
				SWIFT_EMIT_LOC_STRINGS = NO;
				SWIFT_UPCOMING_FEATURE_MEMBER_IMPORT_VISIBILITY = YES;
				SWIFT_VERSION = 5.0;
				TEST_HOST = "$(BUILT_PRODUCTS_DIR)/mypapers.app/$(BUNDLE_EXECUTABLE_FOLDER_PATH)/mypapers";
			};
			name = Release;
		};
		DAABF4392E8A7DF8008C805C /* Debug */ = {
			isa = XCBuildConfiguration;
			buildSettings = {
				CODE_SIGN_STYLE = Automatic;
				CURRENT_PROJECT_VERSION = 1;
				DEVELOPMENT_TEAM = UWJ374YJ4M;
				GENERATE_INFOPLIST_FILE = YES;
				MARKETING_VERSION = 1.0;
				PRODUCT_BUNDLE_IDENTIFIER = com.leechylabs.mypapersUITests;
				PRODUCT_NAME = "$(TARGET_NAME)";
				STRING_CATALOG_GENERATE_SYMBOLS = NO;
				SWIFT_APPROACHABLE_CONCURRENCY = YES;
				SWIFT_EMIT_LOC_STRINGS = NO;
				SWIFT_UPCOMING_FEATURE_MEMBER_IMPORT_VISIBILITY = YES;
				SWIFT_VERSION = 5.0;
				TEST_TARGET_NAME = mypapers;
			};
			name = Debug;
		};
		DAABF43A2E8A7DF8008C805C /* Release */ = {
			isa = XCBuildConfiguration;
			buildSettings = {
				CODE_SIGN_STYLE = Automatic;
				CURRENT_PROJECT_VERSION = 1;
				DEVELOPMENT_TEAM = UWJ374YJ4M;
				GENERATE_INFOPLIST_FILE = YES;
				MARKETING_VERSION = 1.0;
				PRODUCT_BUNDLE_IDENTIFIER = com.leechylabs.mypapersUITests;
				PRODUCT_NAME = "$(TARGET_NAME)";
				STRING_CATALOG_GENERATE_SYMBOLS = NO;
				SWIFT_APPROACHABLE_CONCURRENCY = YES;
				SWIFT_EMIT_LOC_STRINGS = NO;
				SWIFT_UPCOMING_FEATURE_MEMBER_IMPORT_VISIBILITY = YES;
				SWIFT_VERSION = 5.0;
				TEST_TARGET_NAME = mypapers;
			};
			name = Release;
		};
/* End XCBuildConfiguration section */

/* Begin XCConfigurationList section */
		DAABF40A2E8A7DF6008C805C /* Build configuration list for PBXProject "mypapers" */ = {
			isa = XCConfigurationList;
			buildConfigurations = (
				DAABF4302E8A7DF8008C805C /* Debug */,
				DAABF4312E8A7DF8008C805C /* Release */,
			);
			defaultConfigurationIsVisible = 0;
			defaultConfigurationName = Release;
		};
		DAABF4322E8A7DF8008C805C /* Build configuration list for PBXNativeTarget "mypapers" */ = {
			isa = XCConfigurationList;
			buildConfigurations = (
				DAABF4332E8A7DF8008C805C /* Debug */,
				DAABF4342E8A7DF8008C805C /* Release */,
			);
			defaultConfigurationIsVisible = 0;
			defaultConfigurationName = Release;
		};
		DAABF4352E8A7DF8008C805C /* Build configuration list for PBXNativeTarget "mypapersTests" */ = {
			isa = XCConfigurationList;
			buildConfigurations = (
				DAABF4362E8A7DF8008C805C /* Debug */,
				DAABF4372E8A7DF8008C805C /* Release */,
			);
			defaultConfigurationIsVisible = 0;
			defaultConfigurationName = Release;
		};
		DAABF4382E8A7DF8008C805C /* Build configuration list for PBXNativeTarget "mypapersUITests" */ = {
			isa = XCConfigurationList;
			buildConfigurations = (
				DAABF4392E8A7DF8008C805C /* Debug */,
				DAABF43A2E8A7DF8008C805C /* Release */,
			);
			defaultConfigurationIsVisible = 0;
			defaultConfigurationName = Release;
		};
/* End XCConfigurationList section */
	};
	rootObject = DAABF4072E8A7DF6008C805C /* Project object */;
}
